// !$*UTF8*$!
{
	archiveVersion = 1;
	classes = {
	};
	objectVersion = 56;
	objects = {

/* Begin PBXBuildFile section */
		5433776829D9EBD800F32F1D /* event_appApp.swift in Sources */ = {isa = PBXBuildFile; fileRef = 5433776729D9EBD800F32F1D /* event_appApp.swift */; };
		5433776A29D9EBD800F32F1D /* ContentView.swift in Sources */ = {isa = PBXBuildFile; fileRef = 5433776929D9EBD800F32F1D /* ContentView.swift */; };
		5433776C29D9EBD800F32F1D /* Assets.xcassets in Resources */ = {isa = PBXBuildFile; fileRef = 5433776B29D9EBD800F32F1D /* Assets.xcassets */; };
		5433776F29D9EBD800F32F1D /* Preview Assets.xcassets in Resources */ = {isa = PBXBuildFile; fileRef = 5433776E29D9EBD800F32F1D /* Preview Assets.xcassets */; };
		5433777929D9EBD800F32F1D /* event_appTests.swift in Sources */ = {isa = PBXBuildFile; fileRef = 5433777829D9EBD800F32F1D /* event_appTests.swift */; };
		5433778329D9EBD800F32F1D /* event_appUITests.swift in Sources */ = {isa = PBXBuildFile; fileRef = 5433778229D9EBD800F32F1D /* event_appUITests.swift */; };
		5433778529D9EBD800F32F1D /* event_appUITestsLaunchTests.swift in Sources */ = {isa = PBXBuildFile; fileRef = 5433778429D9EBD800F32F1D /* event_appUITestsLaunchTests.swift */; };
/* End PBXBuildFile section */

/* Begin PBXContainerItemProxy section */
		5433777529D9EBD800F32F1D /* PBXContainerItemProxy */ = {
			isa = PBXContainerItemProxy;
			containerPortal = 5433775C29D9EBD800F32F1D /* Project object */;
			proxyType = 1;
			remoteGlobalIDString = 5433776329D9EBD800F32F1D;
			remoteInfo = "event-app";
		};
		5433777F29D9EBD800F32F1D /* PBXContainerItemProxy */ = {
			isa = PBXContainerItemProxy;
			containerPortal = 5433775C29D9EBD800F32F1D /* Project object */;
			proxyType = 1;
			remoteGlobalIDString = 5433776329D9EBD800F32F1D;
			remoteInfo = "event-app";
		};
/* End PBXContainerItemProxy section */

/* Begin PBXFileReference section */
		5433776429D9EBD800F32F1D /* event-app.app */ = {isa = PBXFileReference; explicitFileType = wrapper.application; includeInIndex = 0; path = "event-app.app"; sourceTree = BUILT_PRODUCTS_DIR; };
		5433776729D9EBD800F32F1D /* event_appApp.swift */ = {isa = PBXFileReference; lastKnownFileType = sourcecode.swift; path = event_appApp.swift; sourceTree = "<group>"; };
		5433776929D9EBD800F32F1D /* ContentView.swift */ = {isa = PBXFileReference; lastKnownFileType = sourcecode.swift; path = ContentView.swift; sourceTree = "<group>"; };
		5433776B29D9EBD800F32F1D /* Assets.xcassets */ = {isa = PBXFileReference; lastKnownFileType = folder.assetcatalog; path = Assets.xcassets; sourceTree = "<group>"; };
		5433776E29D9EBD800F32F1D /* Preview Assets.xcassets */ = {isa = PBXFileReference; lastKnownFileType = folder.assetcatalog; path = "Preview Assets.xcassets"; sourceTree = "<group>"; };
		5433777429D9EBD800F32F1D /* event-appTests.xctest */ = {isa = PBXFileReference; explicitFileType = wrapper.cfbundle; includeInIndex = 0; path = "event-appTests.xctest"; sourceTree = BUILT_PRODUCTS_DIR; };
		5433777829D9EBD800F32F1D /* event_appTests.swift */ = {isa = PBXFileReference; lastKnownFileType = sourcecode.swift; path = event_appTests.swift; sourceTree = "<group>"; };
		5433777E29D9EBD800F32F1D /* event-appUITests.xctest */ = {isa = PBXFileReference; explicitFileType = wrapper.cfbundle; includeInIndex = 0; path = "event-appUITests.xctest"; sourceTree = BUILT_PRODUCTS_DIR; };
		5433778229D9EBD800F32F1D /* event_appUITests.swift */ = {isa = PBXFileReference; lastKnownFileType = sourcecode.swift; path = event_appUITests.swift; sourceTree = "<group>"; };
		5433778429D9EBD800F32F1D /* event_appUITestsLaunchTests.swift */ = {isa = PBXFileReference; lastKnownFileType = sourcecode.swift; path = event_appUITestsLaunchTests.swift; sourceTree = "<group>"; };
/* End PBXFileReference section */

/* Begin PBXFrameworksBuildPhase section */
		5433776129D9EBD800F32F1D /* Frameworks */ = {
			isa = PBXFrameworksBuildPhase;
			buildActionMask = 2147483647;
			files = (
			);
			runOnlyForDeploymentPostprocessing = 0;
		};
		5433777129D9EBD800F32F1D /* Frameworks */ = {
			isa = PBXFrameworksBuildPhase;
			buildActionMask = 2147483647;
			files = (
			);
			runOnlyForDeploymentPostprocessing = 0;
		};
		5433777B29D9EBD800F32F1D /* Frameworks */ = {
			isa = PBXFrameworksBuildPhase;
			buildActionMask = 2147483647;
			files = (
			);
			runOnlyForDeploymentPostprocessing = 0;
		};
/* End PBXFrameworksBuildPhase section */

/* Begin PBXGroup section */
		5433775B29D9EBD800F32F1D = {
			isa = PBXGroup;
			children = (
				5433776629D9EBD800F32F1D /* event-app */,
				5433777729D9EBD800F32F1D /* event-appTests */,
				5433778129D9EBD800F32F1D /* event-appUITests */,
				5433776529D9EBD800F32F1D /* Products */,
			);
			sourceTree = "<group>";
		};
		5433776529D9EBD800F32F1D /* Products */ = {
			isa = PBXGroup;
			children = (
				5433776429D9EBD800F32F1D /* event-app.app */,
				5433777429D9EBD800F32F1D /* event-appTests.xctest */,
				5433777E29D9EBD800F32F1D /* event-appUITests.xctest */,
			);
			name = Products;
			sourceTree = "<group>";
		};
		5433776629D9EBD800F32F1D /* event-app */ = {
			isa = PBXGroup;
			children = (
				5433776729D9EBD800F32F1D /* event_appApp.swift */,
				5433776929D9EBD800F32F1D /* ContentView.swift */,
				5433776B29D9EBD800F32F1D /* Assets.xcassets */,
				5433776D29D9EBD800F32F1D /* Preview Content */,
			);
			path = "event-app";
			sourceTree = "<group>";
		};
		5433776D29D9EBD800F32F1D /* Preview Content */ = {
			isa = PBXGroup;
			children = (
				5433776E29D9EBD800F32F1D /* Preview Assets.xcassets */,
			);
			path = "Preview Content";
			sourceTree = "<group>";
		};
		5433777729D9EBD800F32F1D /* event-appTests */ = {
			isa = PBXGroup;
			children = (
				5433777829D9EBD800F32F1D /* event_appTests.swift */,
			);
			path = "event-appTests";
			sourceTree = "<group>";
		};
		5433778129D9EBD800F32F1D /* event-appUITests */ = {
			isa = PBXGroup;
			children = (
				5433778229D9EBD800F32F1D /* event_appUITests.swift */,
				5433778429D9EBD800F32F1D /* event_appUITestsLaunchTests.swift */,
			);
			path = "event-appUITests";
			sourceTree = "<group>";
		};
/* End PBXGroup section */

/* Begin PBXNativeTarget section */
		5433776329D9EBD800F32F1D /* event-app */ = {
			isa = PBXNativeTarget;
			buildConfigurationList = 5433778829D9EBD800F32F1D /* Build configuration list for PBXNativeTarget "event-app" */;
			buildPhases = (
				5433776029D9EBD800F32F1D /* Sources */,
				5433776129D9EBD800F32F1D /* Frameworks */,
				5433776229D9EBD800F32F1D /* Resources */,
			);
			buildRules = (
			);
			dependencies = (
			);
			name = "event-app";
			productName = "event-app";
			productReference = 5433776429D9EBD800F32F1D /* event-app.app */;
			productType = "com.apple.product-type.application";
		};
		5433777329D9EBD800F32F1D /* event-appTests */ = {
			isa = PBXNativeTarget;
			buildConfigurationList = 5433778B29D9EBD800F32F1D /* Build configuration list for PBXNativeTarget "event-appTests" */;
			buildPhases = (
				5433777029D9EBD800F32F1D /* Sources */,
				5433777129D9EBD800F32F1D /* Frameworks */,
				5433777229D9EBD800F32F1D /* Resources */,
			);
			buildRules = (
			);
			dependencies = (
				5433777629D9EBD800F32F1D /* PBXTargetDependency */,
			);
			name = "event-appTests";
			productName = "event-appTests";
			productReference = 5433777429D9EBD800F32F1D /* event-appTests.xctest */;
			productType = "com.apple.product-type.bundle.unit-test";
		};
		5433777D29D9EBD800F32F1D /* event-appUITests */ = {
			isa = PBXNativeTarget;
			buildConfigurationList = 5433778E29D9EBD800F32F1D /* Build configuration list for PBXNativeTarget "event-appUITests" */;
			buildPhases = (
				5433777A29D9EBD800F32F1D /* Sources */,
				5433777B29D9EBD800F32F1D /* Frameworks */,
				5433777C29D9EBD800F32F1D /* Resources */,
			);
			buildRules = (
			);
			dependencies = (
				5433778029D9EBD800F32F1D /* PBXTargetDependency */,
			);
			name = "event-appUITests";
			productName = "event-appUITests";
			productReference = 5433777E29D9EBD800F32F1D /* event-appUITests.xctest */;
			productType = "com.apple.product-type.bundle.ui-testing";
		};
/* End PBXNativeTarget section */

/* Begin PBXProject section */
		5433775C29D9EBD800F32F1D /* Project object */ = {
			isa = PBXProject;
			attributes = {
				BuildIndependentTargetsInParallel = 1;
				LastSwiftUpdateCheck = 1410;
				LastUpgradeCheck = 1410;
				TargetAttributes = {
					5433776329D9EBD800F32F1D = {
						CreatedOnToolsVersion = 14.1;
					};
					5433777329D9EBD800F32F1D = {
						CreatedOnToolsVersion = 14.1;
						TestTargetID = 5433776329D9EBD800F32F1D;
					};
					5433777D29D9EBD800F32F1D = {
						CreatedOnToolsVersion = 14.1;
						TestTargetID = 5433776329D9EBD800F32F1D;
					};
				};
			};
			buildConfigurationList = 5433775F29D9EBD800F32F1D /* Build configuration list for PBXProject "event-app" */;
			compatibilityVersion = "Xcode 14.0";
			developmentRegion = en;
			hasScannedForEncodings = 0;
			knownRegions = (
				en,
				Base,
			);
			mainGroup = 5433775B29D9EBD800F32F1D;
			productRefGroup = 5433776529D9EBD800F32F1D /* Products */;
			projectDirPath = "";
			projectRoot = "";
			targets = (
				5433776329D9EBD800F32F1D /* event-app */,
				5433777329D9EBD800F32F1D /* event-appTests */,
				5433777D29D9EBD800F32F1D /* event-appUITests */,
			);
		};
/* End PBXProject section */

/* Begin PBXResourcesBuildPhase section */
		5433776229D9EBD800F32F1D /* Resources */ = {
			isa = PBXResourcesBuildPhase;
			buildActionMask = 2147483647;
			files = (
				5433776F29D9EBD800F32F1D /* Preview Assets.xcassets in Resources */,
				5433776C29D9EBD800F32F1D /* Assets.xcassets in Resources */,
			);
			runOnlyForDeploymentPostprocessing = 0;
		};
		5433777229D9EBD800F32F1D /* Resources */ = {
			isa = PBXResourcesBuildPhase;
			buildActionMask = 2147483647;
			files = (
			);
			runOnlyForDeploymentPostprocessing = 0;
		};
		5433777C29D9EBD800F32F1D /* Resources */ = {
			isa = PBXResourcesBuildPhase;
			buildActionMask = 2147483647;
			files = (
			);
			runOnlyForDeploymentPostprocessing = 0;
		};
/* End PBXResourcesBuildPhase section */

/* Begin PBXSourcesBuildPhase section */
		5433776029D9EBD800F32F1D /* Sources */ = {
			isa = PBXSourcesBuildPhase;
			buildActionMask = 2147483647;
			files = (
				5433776A29D9EBD800F32F1D /* ContentView.swift in Sources */,
				5433776829D9EBD800F32F1D /* event_appApp.swift in Sources */,
			);
			runOnlyForDeploymentPostprocessing = 0;
		};
		5433777029D9EBD800F32F1D /* Sources */ = {
			isa = PBXSourcesBuildPhase;
			buildActionMask = 2147483647;
			files = (
				5433777929D9EBD800F32F1D /* event_appTests.swift in Sources */,
			);
			runOnlyForDeploymentPostprocessing = 0;
		};
		5433777A29D9EBD800F32F1D /* Sources */ = {
			isa = PBXSourcesBuildPhase;
			buildActionMask = 2147483647;
			files = (
				5433778329D9EBD800F32F1D /* event_appUITests.swift in Sources */,
				5433778529D9EBD800F32F1D /* event_appUITestsLaunchTests.swift in Sources */,
			);
			runOnlyForDeploymentPostprocessing = 0;
		};
/* End PBXSourcesBuildPhase section */

/* Begin PBXTargetDependency section */
		5433777629D9EBD800F32F1D /* PBXTargetDependency */ = {
			isa = PBXTargetDependency;
			target = 5433776329D9EBD800F32F1D /* event-app */;
			targetProxy = 5433777529D9EBD800F32F1D /* PBXContainerItemProxy */;
		};
		5433778029D9EBD800F32F1D /* PBXTargetDependency */ = {
			isa = PBXTargetDependency;
			target = 5433776329D9EBD800F32F1D /* event-app */;
			targetProxy = 5433777F29D9EBD800F32F1D /* PBXContainerItemProxy */;
		};
/* End PBXTargetDependency section */

/* Begin XCBuildConfiguration section */
		5433778629D9EBD800F32F1D /* Debug */ = {
			isa = XCBuildConfiguration;
			buildSettings = {
				ALWAYS_SEARCH_USER_PATHS = NO;
				CLANG_ANALYZER_NONNULL = YES;
				CLANG_ANALYZER_NUMBER_OBJECT_CONVERSION = YES_AGGRESSIVE;
				CLANG_CXX_LANGUAGE_STANDARD = "gnu++20";
				CLANG_ENABLE_MODULES = YES;
				CLANG_ENABLE_OBJC_ARC = YES;
				CLANG_ENABLE_OBJC_WEAK = YES;
				CLANG_WARN_BLOCK_CAPTURE_AUTORELEASING = YES;
				CLANG_WARN_BOOL_CONVERSION = YES;
				CLANG_WARN_COMMA = YES;
				CLANG_WARN_CONSTANT_CONVERSION = YES;
				CLANG_WARN_DEPRECATED_OBJC_IMPLEMENTATIONS = YES;
				CLANG_WARN_DIRECT_OBJC_ISA_USAGE = YES_ERROR;
				CLANG_WARN_DOCUMENTATION_COMMENTS = YES;
				CLANG_WARN_EMPTY_BODY = YES;
				CLANG_WARN_ENUM_CONVERSION = YES;
				CLANG_WARN_INFINITE_RECURSION = YES;
				CLANG_WARN_INT_CONVERSION = YES;
				CLANG_WARN_NON_LITERAL_NULL_CONVERSION = YES;
				CLANG_WARN_OBJC_IMPLICIT_RETAIN_SELF = YES;
				CLANG_WARN_OBJC_LITERAL_CONVERSION = YES;
				CLANG_WARN_OBJC_ROOT_CLASS = YES_ERROR;
				CLANG_WARN_QUOTED_INCLUDE_IN_FRAMEWORK_HEADER = YES;
				CLANG_WARN_RANGE_LOOP_ANALYSIS = YES;
				CLANG_WARN_STRICT_PROTOTYPES = YES;
				CLANG_WARN_SUSPICIOUS_MOVE = YES;
				CLANG_WARN_UNGUARDED_AVAILABILITY = YES_AGGRESSIVE;
				CLANG_WARN_UNREACHABLE_CODE = YES;
				CLANG_WARN__DUPLICATE_METHOD_MATCH = YES;
				COPY_PHASE_STRIP = NO;
				DEBUG_INFORMATION_FORMAT = dwarf;
				ENABLE_STRICT_OBJC_MSGSEND = YES;
				ENABLE_TESTABILITY = YES;
				GCC_C_LANGUAGE_STANDARD = gnu11;
				GCC_DYNAMIC_NO_PIC = NO;
				GCC_NO_COMMON_BLOCKS = YES;
				GCC_OPTIMIZATION_LEVEL = 0;
				GCC_PREPROCESSOR_DEFINITIONS = (
					"DEBUG=1",
					"$(inherited)",
				);
				GCC_WARN_64_TO_32_BIT_CONVERSION = YES;
				GCC_WARN_ABOUT_RETURN_TYPE = YES_ERROR;
				GCC_WARN_UNDECLARED_SELECTOR = YES;
				GCC_WARN_UNINITIALIZED_AUTOS = YES_AGGRESSIVE;
				GCC_WARN_UNUSED_FUNCTION = YES;
				GCC_WARN_UNUSED_VARIABLE = YES;
				IPHONEOS_DEPLOYMENT_TARGET = 16.1;
				MTL_ENABLE_DEBUG_INFO = INCLUDE_SOURCE;
				MTL_FAST_MATH = YES;
				ONLY_ACTIVE_ARCH = YES;
				SDKROOT = iphoneos;
				SWIFT_ACTIVE_COMPILATION_CONDITIONS = DEBUG;
				SWIFT_OPTIMIZATION_LEVEL = "-Onone";
			};
			name = Debug;
		};
		5433778729D9EBD800F32F1D /* Release */ = {
			isa = XCBuildConfiguration;
			buildSettings = {
				ALWAYS_SEARCH_USER_PATHS = NO;
				CLANG_ANALYZER_NONNULL = YES;
				CLANG_ANALYZER_NUMBER_OBJECT_CONVERSION = YES_AGGRESSIVE;
				CLANG_CXX_LANGUAGE_STANDARD = "gnu++20";
				CLANG_ENABLE_MODULES = YES;
				CLANG_ENABLE_OBJC_ARC = YES;
				CLANG_ENABLE_OBJC_WEAK = YES;
				CLANG_WARN_BLOCK_CAPTURE_AUTORELEASING = YES;
				CLANG_WARN_BOOL_CONVERSION = YES;
				CLANG_WARN_COMMA = YES;
				CLANG_WARN_CONSTANT_CONVERSION = YES;
				CLANG_WARN_DEPRECATED_OBJC_IMPLEMENTATIONS = YES;
				CLANG_WARN_DIRECT_OBJC_ISA_USAGE = YES_ERROR;
				CLANG_WARN_DOCUMENTATION_COMMENTS = YES;
				CLANG_WARN_EMPTY_BODY = YES;
				CLANG_WARN_ENUM_CONVERSION = YES;
				CLANG_WARN_INFINITE_RECURSION = YES;
				CLANG_WARN_INT_CONVERSION = YES;
				CLANG_WARN_NON_LITERAL_NULL_CONVERSION = YES;
				CLANG_WARN_OBJC_IMPLICIT_RETAIN_SELF = YES;
				CLANG_WARN_OBJC_LITERAL_CONVERSION = YES;
				CLANG_WARN_OBJC_ROOT_CLASS = YES_ERROR;
				CLANG_WARN_QUOTED_INCLUDE_IN_FRAMEWORK_HEADER = YES;
				CLANG_WARN_RANGE_LOOP_ANALYSIS = YES;
				CLANG_WARN_STRICT_PROTOTYPES = YES;
				CLANG_WARN_SUSPICIOUS_MOVE = YES;
				CLANG_WARN_UNGUARDED_AVAILABILITY = YES_AGGRESSIVE;
				CLANG_WARN_UNREACHABLE_CODE = YES;
				CLANG_WARN__DUPLICATE_METHOD_MATCH = YES;
				COPY_PHASE_STRIP = NO;
				DEBUG_INFORMATION_FORMAT = "dwarf-with-dsym";
				ENABLE_NS_ASSERTIONS = NO;
				ENABLE_STRICT_OBJC_MSGSEND = YES;
				GCC_C_LANGUAGE_STANDARD = gnu11;
				GCC_NO_COMMON_BLOCKS = YES;
				GCC_WARN_64_TO_32_BIT_CONVERSION = YES;
				GCC_WARN_ABOUT_RETURN_TYPE = YES_ERROR;
				GCC_WARN_UNDECLARED_SELECTOR = YES;
				GCC_WARN_UNINITIALIZED_AUTOS = YES_AGGRESSIVE;
				GCC_WARN_UNUSED_FUNCTION = YES;
				GCC_WARN_UNUSED_VARIABLE = YES;
				IPHONEOS_DEPLOYMENT_TARGET = 16.1;
				MTL_ENABLE_DEBUG_INFO = NO;
				MTL_FAST_MATH = YES;
				SDKROOT = iphoneos;
				SWIFT_COMPILATION_MODE = wholemodule;
				SWIFT_OPTIMIZATION_LEVEL = "-O";
				VALIDATE_PRODUCT = YES;
			};
			name = Release;
		};
		5433778929D9EBD800F32F1D /* Debug */ = {
			isa = XCBuildConfiguration;
			buildSettings = {
				ASSETCATALOG_COMPILER_APPICON_NAME = AppIcon;
				ASSETCATALOG_COMPILER_GLOBAL_ACCENT_COLOR_NAME = AccentColor;
				CODE_SIGN_STYLE = Automatic;
				CURRENT_PROJECT_VERSION = 1;
				DEVELOPMENT_ASSET_PATHS = "\"event-app/Preview Content\"";
				DEVELOPMENT_TEAM = 5F7WJT52AV;
				ENABLE_PREVIEWS = YES;
				GENERATE_INFOPLIST_FILE = YES;
				INFOPLIST_KEY_UIApplicationSceneManifest_Generation = YES;
				INFOPLIST_KEY_UIApplicationSupportsIndirectInputEvents = YES;
				INFOPLIST_KEY_UILaunchScreen_Generation = YES;
				INFOPLIST_KEY_UISupportedInterfaceOrientations_iPad = "UIInterfaceOrientationPortrait UIInterfaceOrientationPortraitUpsideDown UIInterfaceOrientationLandscapeLeft UIInterfaceOrientationLandscapeRight";
				INFOPLIST_KEY_UISupportedInterfaceOrientations_iPhone = "UIInterfaceOrientationPortrait UIInterfaceOrientationLandscapeLeft UIInterfaceOrientationLandscapeRight";
				LD_RUNPATH_SEARCH_PATHS = (
					"$(inherited)",
					"@executable_path/Frameworks",
				);
				MARKETING_VERSION = 1.0;
				PRODUCT_BUNDLE_IDENTIFIER = "event-app.event-app";
				PRODUCT_NAME = "$(TARGET_NAME)";
				SWIFT_EMIT_LOC_STRINGS = YES;
				SWIFT_VERSION = 5.0;
				TARGETED_DEVICE_FAMILY = "1,2";
			};
			name = Debug;
		};
		5433778A29D9EBD800F32F1D /* Release */ = {
			isa = XCBuildConfiguration;
			buildSettings = {
				ASSETCATALOG_COMPILER_APPICON_NAME = AppIcon;
				ASSETCATALOG_COMPILER_GLOBAL_ACCENT_COLOR_NAME = AccentColor;
				CODE_SIGN_STYLE = Automatic;
				CURRENT_PROJECT_VERSION = 1;
				DEVELOPMENT_ASSET_PATHS = "\"event-app/Preview Content\"";
				DEVELOPMENT_TEAM = 5F7WJT52AV;
				ENABLE_PREVIEWS = YES;
				GENERATE_INFOPLIST_FILE = YES;
				INFOPLIST_KEY_UIApplicationSceneManifest_Generation = YES;
				INFOPLIST_KEY_UIApplicationSupportsIndirectInputEvents = YES;
				INFOPLIST_KEY_UILaunchScreen_Generation = YES;
				INFOPLIST_KEY_UISupportedInterfaceOrientations_iPad = "UIInterfaceOrientationPortrait UIInterfaceOrientationPortraitUpsideDown UIInterfaceOrientationLandscapeLeft UIInterfaceOrientationLandscapeRight";
				INFOPLIST_KEY_UISupportedInterfaceOrientations_iPhone = "UIInterfaceOrientationPortrait UIInterfaceOrientationLandscapeLeft UIInterfaceOrientationLandscapeRight";
				LD_RUNPATH_SEARCH_PATHS = (
					"$(inherited)",
					"@executable_path/Frameworks",
				);
				MARKETING_VERSION = 1.0;
				PRODUCT_BUNDLE_IDENTIFIER = "event-app.event-app";
				PRODUCT_NAME = "$(TARGET_NAME)";
				SWIFT_EMIT_LOC_STRINGS = YES;
				SWIFT_VERSION = 5.0;
				TARGETED_DEVICE_FAMILY = "1,2";
			};
			name = Release;
		};
		5433778C29D9EBD800F32F1D /* Debug */ = {
			isa = XCBuildConfiguration;
			buildSettings = {
				ALWAYS_EMBED_SWIFT_STANDARD_LIBRARIES = YES;
				BUNDLE_LOADER = "$(TEST_HOST)";
				CODE_SIGN_STYLE = Automatic;
				CURRENT_PROJECT_VERSION = 1;
				DEVELOPMENT_TEAM = 5F7WJT52AV;
				GENERATE_INFOPLIST_FILE = YES;
				IPHONEOS_DEPLOYMENT_TARGET = 16.1;
				MARKETING_VERSION = 1.0;
				PRODUCT_BUNDLE_IDENTIFIER = "event-app.event-appTests";
				PRODUCT_NAME = "$(TARGET_NAME)";
				SWIFT_EMIT_LOC_STRINGS = NO;
				SWIFT_VERSION = 5.0;
				TARGETED_DEVICE_FAMILY = "1,2";
				TEST_HOST = "$(BUILT_PRODUCTS_DIR)/event-app.app/$(BUNDLE_EXECUTABLE_FOLDER_PATH)/event-app";
			};
			name = Debug;
		};
		5433778D29D9EBD800F32F1D /* Release */ = {
			isa = XCBuildConfiguration;
			buildSettings = {
				ALWAYS_EMBED_SWIFT_STANDARD_LIBRARIES = YES;
				BUNDLE_LOADER = "$(TEST_HOST)";
				CODE_SIGN_STYLE = Automatic;
				CURRENT_PROJECT_VERSION = 1;
				DEVELOPMENT_TEAM = 5F7WJT52AV;
				GENERATE_INFOPLIST_FILE = YES;
				IPHONEOS_DEPLOYMENT_TARGET = 16.1;
				MARKETING_VERSION = 1.0;
				PRODUCT_BUNDLE_IDENTIFIER = "event-app.event-appTests";
				PRODUCT_NAME = "$(TARGET_NAME)";
				SWIFT_EMIT_LOC_STRINGS = NO;
				SWIFT_VERSION = 5.0;
				TARGETED_DEVICE_FAMILY = "1,2";
				TEST_HOST = "$(BUILT_PRODUCTS_DIR)/event-app.app/$(BUNDLE_EXECUTABLE_FOLDER_PATH)/event-app";
			};
			name = Release;
		};
		5433778F29D9EBD800F32F1D /* Debug */ = {
			isa = XCBuildConfiguration;
			buildSettings = {
				ALWAYS_EMBED_SWIFT_STANDARD_LIBRARIES = YES;
				CODE_SIGN_STYLE = Automatic;
				CURRENT_PROJECT_VERSION = 1;
				DEVELOPMENT_TEAM = 5F7WJT52AV;
				GENERATE_INFOPLIST_FILE = YES;
				MARKETING_VERSION = 1.0;
				PRODUCT_BUNDLE_IDENTIFIER = "event-app.event-appUITests";
				PRODUCT_NAME = "$(TARGET_NAME)";
				SWIFT_EMIT_LOC_STRINGS = NO;
				SWIFT_VERSION = 5.0;
				TARGETED_DEVICE_FAMILY = "1,2";
				TEST_TARGET_NAME = "event-app";
			};
			name = Debug;
		};
		5433779029D9EBD800F32F1D /* Release */ = {
			isa = XCBuildConfiguration;
			buildSettings = {
				ALWAYS_EMBED_SWIFT_STANDARD_LIBRARIES = YES;
				CODE_SIGN_STYLE = Automatic;
				CURRENT_PROJECT_VERSION = 1;
				DEVELOPMENT_TEAM = 5F7WJT52AV;
				GENERATE_INFOPLIST_FILE = YES;
				MARKETING_VERSION = 1.0;
				PRODUCT_BUNDLE_IDENTIFIER = "event-app.event-appUITests";
				PRODUCT_NAME = "$(TARGET_NAME)";
				SWIFT_EMIT_LOC_STRINGS = NO;
				SWIFT_VERSION = 5.0;
				TARGETED_DEVICE_FAMILY = "1,2";
				TEST_TARGET_NAME = "event-app";
			};
			name = Release;
		};
/* End XCBuildConfiguration section */

/* Begin XCConfigurationList section */
		5433775F29D9EBD800F32F1D /* Build configuration list for PBXProject "event-app" */ = {
			isa = XCConfigurationList;
			buildConfigurations = (
				5433778629D9EBD800F32F1D /* Debug */,
				5433778729D9EBD800F32F1D /* Release */,
			);
			defaultConfigurationIsVisible = 0;
			defaultConfigurationName = Release;
		};
		5433778829D9EBD800F32F1D /* Build configuration list for PBXNativeTarget "event-app" */ = {
			isa = XCConfigurationList;
			buildConfigurations = (
				5433778929D9EBD800F32F1D /* Debug */,
				5433778A29D9EBD800F32F1D /* Release */,
			);
			defaultConfigurationIsVisible = 0;
			defaultConfigurationName = Release;
		};
		5433778B29D9EBD800F32F1D /* Build configuration list for PBXNativeTarget "event-appTests" */ = {
			isa = XCConfigurationList;
			buildConfigurations = (
				5433778C29D9EBD800F32F1D /* Debug */,
				5433778D29D9EBD800F32F1D /* Release */,
			);
			defaultConfigurationIsVisible = 0;
			defaultConfigurationName = Release;
		};
		5433778E29D9EBD800F32F1D /* Build configuration list for PBXNativeTarget "event-appUITests" */ = {
			isa = XCConfigurationList;
			buildConfigurations = (
				5433778F29D9EBD800F32F1D /* Debug */,
				5433779029D9EBD800F32F1D /* Release */,
			);
			defaultConfigurationIsVisible = 0;
			defaultConfigurationName = Release;
		};
/* End XCConfigurationList section */
	};
	rootObject = 5433775C29D9EBD800F32F1D /* Project object */;
}
