PODS:
  - GoogleMaps (8.2.0):
    - GoogleMaps/Maps (= 8.2.0)
  - GoogleMaps/Base (8.2.0)
  - GoogleMaps/Maps (8.2.0):
    - GoogleMaps/Base

DEPENDENCIES:
  - GoogleMaps (= 8.2.0.0)

SPEC REPOS:
  https://github.com/CocoaPods/Specs.git:
    - GoogleMaps

SPEC CHECKSUMS:
  GoogleMaps: 081f2547b60a1c0870a8f49166a653900e5055d5

PODFILE CHECKSUM: 46109204081a3b1f69b18e82738efc80c29ae152

COCOAPODS: 1.12.0
